// !$*UTF8*$!
{
	archiveVersion = 1;
	classes = {
	};
	objectVersion = 50;
	objects = {

/* Begin PBXBuildFile section */
		D858D22B260F772200623FD4 /* PrefsVC.swift in Sources */ = {isa = PBXBuildFile; fileRef = D858D22A260F772200623FD4 /* PrefsVC.swift */; };
		D898C0B0260F6B7A000FD5BD /* AppDelegate.swift in Sources */ = {isa = PBXBuildFile; fileRef = D898C0AF260F6B7A000FD5BD /* AppDelegate.swift */; };
		D898C0B2260F6B7A000FD5BD /* ViewController.swift in Sources */ = {isa = PBXBuildFile; fileRef = D898C0B1260F6B7A000FD5BD /* ViewController.swift */; };
		D898C0B4260F6B7A000FD5BD /* Assets.xcassets in Resources */ = {isa = PBXBuildFile; fileRef = D898C0B3260F6B7A000FD5BD /* Assets.xcassets */; };
		D898C0B7260F6B7A000FD5BD /* Main.storyboard in Resources */ = {isa = PBXBuildFile; fileRef = D898C0B5260F6B7A000FD5BD /* Main.storyboard */; };
		D8D69516260F887D000356A4 /* EggTimer.swift in Sources */ = {isa = PBXBuildFile; fileRef = D8D69515260F887D000356A4 /* EggTimer.swift */; };
		D8D69520260F9115000356A4 /* Preferences.swift in Sources */ = {isa = PBXBuildFile; fileRef = D8D6951F260F9115000356A4 /* Preferences.swift */; };
		D8D69523260F97D5000356A4 /* ding.mp3 in Resources */ = {isa = PBXBuildFile; fileRef = D8D69522260F97D5000356A4 /* ding.mp3 */; };
/* End PBXBuildFile section */

/* Begin PBXFileReference section */
		D858D22A260F772200623FD4 /* PrefsVC.swift */ = {isa = PBXFileReference; lastKnownFileType = sourcecode.swift; path = PrefsVC.swift; sourceTree = "<group>"; };
		D898C0AC260F6B7A000FD5BD /* EggTimer.app */ = {isa = PBXFileReference; explicitFileType = wrapper.application; includeInIndex = 0; path = EggTimer.app; sourceTree = BUILT_PRODUCTS_DIR; };
		D898C0AF260F6B7A000FD5BD /* AppDelegate.swift */ = {isa = PBXFileReference; lastKnownFileType = sourcecode.swift; path = AppDelegate.swift; sourceTree = "<group>"; };
		D898C0B1260F6B7A000FD5BD /* ViewController.swift */ = {isa = PBXFileReference; lastKnownFileType = sourcecode.swift; path = ViewController.swift; sourceTree = "<group>"; };
		D898C0B3260F6B7A000FD5BD /* Assets.xcassets */ = {isa = PBXFileReference; lastKnownFileType = folder.assetcatalog; path = Assets.xcassets; sourceTree = "<group>"; };
		D898C0B6260F6B7A000FD5BD /* Base */ = {isa = PBXFileReference; lastKnownFileType = file.storyboard; name = Base; path = Base.lproj/Main.storyboard; sourceTree = "<group>"; };
		D898C0B8260F6B7A000FD5BD /* Info.plist */ = {isa = PBXFileReference; lastKnownFileType = text.plist.xml; path = Info.plist; sourceTree = "<group>"; };
		D898C0B9260F6B7A000FD5BD /* EggTimer.entitlements */ = {isa = PBXFileReference; lastKnownFileType = text.plist.entitlements; path = EggTimer.entitlements; sourceTree = "<group>"; };
		D8D69515260F887D000356A4 /* EggTimer.swift */ = {isa = PBXFileReference; lastKnownFileType = sourcecode.swift; path = EggTimer.swift; sourceTree = "<group>"; };
		D8D6951F260F9115000356A4 /* Preferences.swift */ = {isa = PBXFileReference; lastKnownFileType = sourcecode.swift; path = Preferences.swift; sourceTree = "<group>"; };
		D8D69522260F97D5000356A4 /* ding.mp3 */ = {isa = PBXFileReference; lastKnownFileType = audio.mp3; path = ding.mp3; sourceTree = "<group>"; };
/* End PBXFileReference section */

/* Begin PBXFrameworksBuildPhase section */
		D898C0A9260F6B7A000FD5BD /* Frameworks */ = {
			isa = PBXFrameworksBuildPhase;
			buildActionMask = 2147483647;
			files = (
			);
			runOnlyForDeploymentPostprocessing = 0;
		};
/* End PBXFrameworksBuildPhase section */

/* Begin PBXGroup section */
		D898C0A3260F6B7A000FD5BD = {
			isa = PBXGroup;
			children = (
				D898C0AE260F6B7A000FD5BD /* EggTimer */,
				D898C0AD260F6B7A000FD5BD /* Products */,
			);
			sourceTree = "<group>";
		};
		D898C0AD260F6B7A000FD5BD /* Products */ = {
			isa = PBXGroup;
			children = (
				D898C0AC260F6B7A000FD5BD /* EggTimer.app */,
			);
			name = Products;
			sourceTree = "<group>";
		};
		D898C0AE260F6B7A000FD5BD /* EggTimer */ = {
			isa = PBXGroup;
			children = (
				D8D69513260F8831000356A4 /* Supporting Files */,
				D898C0AF260F6B7A000FD5BD /* AppDelegate.swift */,
				D8D69511260F8820000356A4 /* Controllers */,
				D8D69514260F886D000356A4 /* Model */,
				D898C0B3260F6B7A000FD5BD /* Assets.xcassets */,
				D898C0B5260F6B7A000FD5BD /* Main.storyboard */,
				D8D69522260F97D5000356A4 /* ding.mp3 */,
			);
			path = EggTimer;
			sourceTree = "<group>";
		};
		D8D69511260F8820000356A4 /* Controllers */ = {
			isa = PBXGroup;
			children = (
				D898C0B1260F6B7A000FD5BD /* ViewController.swift */,
				D858D22A260F772200623FD4 /* PrefsVC.swift */,
			);
			path = Controllers;
			sourceTree = "<group>";
		};
		D8D69513260F8831000356A4 /* Supporting Files */ = {
			isa = PBXGroup;
			children = (
				D898C0B8260F6B7A000FD5BD /* Info.plist */,
				D898C0B9260F6B7A000FD5BD /* EggTimer.entitlements */,
			);
			path = "Supporting Files";
			sourceTree = "<group>";
		};
		D8D69514260F886D000356A4 /* Model */ = {
			isa = PBXGroup;
			children = (
				D8D69515260F887D000356A4 /* EggTimer.swift */,
				D8D6951F260F9115000356A4 /* Preferences.swift */,
			);
			path = Model;
			sourceTree = "<group>";
		};
/* End PBXGroup section */

/* Begin PBXNativeTarget section */
		D898C0AB260F6B7A000FD5BD /* EggTimer */ = {
			isa = PBXNativeTarget;
			buildConfigurationList = D898C0BC260F6B7A000FD5BD /* Build configuration list for PBXNativeTarget "EggTimer" */;
			buildPhases = (
				D898C0A8260F6B7A000FD5BD /* Sources */,
				D898C0A9260F6B7A000FD5BD /* Frameworks */,
				D898C0AA260F6B7A000FD5BD /* Resources */,
			);
			buildRules = (
			);
			dependencies = (
			);
			name = EggTimer;
			productName = EggTimer;
			productReference = D898C0AC260F6B7A000FD5BD /* EggTimer.app */;
			productType = "com.apple.product-type.application";
		};
/* End PBXNativeTarget section */

/* Begin PBXProject section */
		D898C0A4260F6B7A000FD5BD /* Project object */ = {
			isa = PBXProject;
			attributes = {
				LastSwiftUpdateCheck = 1250;
				LastUpgradeCheck = 1250;
				TargetAttributes = {
					D898C0AB260F6B7A000FD5BD = {
						CreatedOnToolsVersion = 12.5;
					};
				};
			};
			buildConfigurationList = D898C0A7260F6B7A000FD5BD /* Build configuration list for PBXProject "EggTimer" */;
			compatibilityVersion = "Xcode 9.3";
			developmentRegion = en;
			hasScannedForEncodings = 0;
			knownRegions = (
				en,
				Base,
			);
			mainGroup = D898C0A3260F6B7A000FD5BD;
			productRefGroup = D898C0AD260F6B7A000FD5BD /* Products */;
			projectDirPath = "";
			projectRoot = "";
			targets = (
				D898C0AB260F6B7A000FD5BD /* EggTimer */,
			);
		};
/* End PBXProject section */

/* Begin PBXResourcesBuildPhase section */
		D898C0AA260F6B7A000FD5BD /* Resources */ = {
			isa = PBXResourcesBuildPhase;
			buildActionMask = 2147483647;
			files = (
				D898C0B4260F6B7A000FD5BD /* Assets.xcassets in Resources */,
				D898C0B7260F6B7A000FD5BD /* Main.storyboard in Resources */,
				D8D69523260F97D5000356A4 /* ding.mp3 in Resources */,
			);
			runOnlyForDeploymentPostprocessing = 0;
		};
/* End PBXResourcesBuildPhase section */

/* Begin PBXSourcesBuildPhase section */
		D898C0A8260F6B7A000FD5BD /* Sources */ = {
			isa = PBXSourcesBuildPhase;
			buildActionMask = 2147483647;
			files = (
				D858D22B260F772200623FD4 /* PrefsVC.swift in Sources */,
				D8D69516260F887D000356A4 /* EggTimer.swift in Sources */,
				D8D69520260F9115000356A4 /* Preferences.swift in Sources */,
				D898C0B2260F6B7A000FD5BD /* ViewController.swift in Sources */,
				D898C0B0260F6B7A000FD5BD /* AppDelegate.swift in Sources */,
			);
			runOnlyForDeploymentPostprocessing = 0;
		};
/* End PBXSourcesBuildPhase section */

/* Begin PBXVariantGroup section */
		D898C0B5260F6B7A000FD5BD /* Main.storyboard */ = {
			isa = PBXVariantGroup;
			children = (
				D898C0B6260F6B7A000FD5BD /* Base */,
			);
			name = Main.storyboard;
			sourceTree = "<group>";
		};
/* End PBXVariantGroup section */

/* Begin XCBuildConfiguration section */
		D898C0BA260F6B7A000FD5BD /* Debug */ = {
			isa = XCBuildConfiguration;
			buildSettings = {
				ALWAYS_SEARCH_USER_PATHS = NO;
				CLANG_ANALYZER_NONNULL = YES;
				CLANG_ANALYZER_NUMBER_OBJECT_CONVERSION = YES_AGGRESSIVE;
				CLANG_CXX_LANGUAGE_STANDARD = "gnu++14";
				CLANG_CXX_LIBRARY = "libc++";
				CLANG_ENABLE_MODULES = YES;
				CLANG_ENABLE_OBJC_ARC = YES;
				CLANG_ENABLE_OBJC_WEAK = YES;
				CLANG_WARN_BLOCK_CAPTURE_AUTORELEASING = YES;
				CLANG_WARN_BOOL_CONVERSION = YES;
				CLANG_WARN_COMMA = YES;
				CLANG_WARN_CONSTANT_CONVERSION = YES;
				CLANG_WARN_DEPRECATED_OBJC_IMPLEMENTATIONS = YES;
				CLANG_WARN_DIRECT_OBJC_ISA_USAGE = YES_ERROR;
				CLANG_WARN_DOCUMENTATION_COMMENTS = YES;
				CLANG_WARN_EMPTY_BODY = YES;
				CLANG_WARN_ENUM_CONVERSION = YES;
				CLANG_WARN_INFINITE_RECURSION = YES;
				CLANG_WARN_INT_CONVERSION = YES;
				CLANG_WARN_NON_LITERAL_NULL_CONVERSION = YES;
				CLANG_WARN_OBJC_IMPLICIT_RETAIN_SELF = YES;
				CLANG_WARN_OBJC_LITERAL_CONVERSION = YES;
				CLANG_WARN_OBJC_ROOT_CLASS = YES_ERROR;
				CLANG_WARN_QUOTED_INCLUDE_IN_FRAMEWORK_HEADER = YES;
				CLANG_WARN_RANGE_LOOP_ANALYSIS = YES;
				CLANG_WARN_STRICT_PROTOTYPES = YES;
				CLANG_WARN_SUSPICIOUS_MOVE = YES;
				CLANG_WARN_UNGUARDED_AVAILABILITY = YES_AGGRESSIVE;
				CLANG_WARN_UNREACHABLE_CODE = YES;
				CLANG_WARN__DUPLICATE_METHOD_MATCH = YES;
				COPY_PHASE_STRIP = NO;
				DEBUG_INFORMATION_FORMAT = dwarf;
				ENABLE_STRICT_OBJC_MSGSEND = YES;
				ENABLE_TESTABILITY = YES;
				GCC_C_LANGUAGE_STANDARD = gnu11;
				GCC_DYNAMIC_NO_PIC = NO;
				GCC_NO_COMMON_BLOCKS = YES;
				GCC_OPTIMIZATION_LEVEL = 0;
				GCC_PREPROCESSOR_DEFINITIONS = (
					"DEBUG=1",
					"$(inherited)",
				);
				GCC_WARN_64_TO_32_BIT_CONVERSION = YES;
				GCC_WARN_ABOUT_RETURN_TYPE = YES_ERROR;
				GCC_WARN_UNDECLARED_SELECTOR = YES;
				GCC_WARN_UNINITIALIZED_AUTOS = YES_AGGRESSIVE;
				GCC_WARN_UNUSED_FUNCTION = YES;
				GCC_WARN_UNUSED_VARIABLE = YES;
				MACOSX_DEPLOYMENT_TARGET = 11.2;
				MTL_ENABLE_DEBUG_INFO = INCLUDE_SOURCE;
				MTL_FAST_MATH = YES;
				ONLY_ACTIVE_ARCH = YES;
				SDKROOT = macosx;
				SWIFT_ACTIVE_COMPILATION_CONDITIONS = DEBUG;
				SWIFT_OPTIMIZATION_LEVEL = "-Onone";
			};
			name = Debug;
		};
		D898C0BB260F6B7A000FD5BD /* Release */ = {
			isa = XCBuildConfiguration;
			buildSettings = {
				ALWAYS_SEARCH_USER_PATHS = NO;
				CLANG_ANALYZER_NONNULL = YES;
				CLANG_ANALYZER_NUMBER_OBJECT_CONVERSION = YES_AGGRESSIVE;
				CLANG_CXX_LANGUAGE_STANDARD = "gnu++14";
				CLANG_CXX_LIBRARY = "libc++";
				CLANG_ENABLE_MODULES = YES;
				CLANG_ENABLE_OBJC_ARC = YES;
				CLANG_ENABLE_OBJC_WEAK = YES;
				CLANG_WARN_BLOCK_CAPTURE_AUTORELEASING = YES;
				CLANG_WARN_BOOL_CONVERSION = YES;
				CLANG_WARN_COMMA = YES;
				CLANG_WARN_CONSTANT_CONVERSION = YES;
				CLANG_WARN_DEPRECATED_OBJC_IMPLEMENTATIONS = YES;
				CLANG_WARN_DIRECT_OBJC_ISA_USAGE = YES_ERROR;
				CLANG_WARN_DOCUMENTATION_COMMENTS = YES;
				CLANG_WARN_EMPTY_BODY = YES;
				CLANG_WARN_ENUM_CONVERSION = YES;
				CLANG_WARN_INFINITE_RECURSION = YES;
				CLANG_WARN_INT_CONVERSION = YES;
				CLANG_WARN_NON_LITERAL_NULL_CONVERSION = YES;
				CLANG_WARN_OBJC_IMPLICIT_RETAIN_SELF = YES;
				CLANG_WARN_OBJC_LITERAL_CONVERSION = YES;
				CLANG_WARN_OBJC_ROOT_CLASS = YES_ERROR;
				CLANG_WARN_QUOTED_INCLUDE_IN_FRAMEWORK_HEADER = YES;
				CLANG_WARN_RANGE_LOOP_ANALYSIS = YES;
				CLANG_WARN_STRICT_PROTOTYPES = YES;
				CLANG_WARN_SUSPICIOUS_MOVE = YES;
				CLANG_WARN_UNGUARDED_AVAILABILITY = YES_AGGRESSIVE;
				CLANG_WARN_UNREACHABLE_CODE = YES;
				CLANG_WARN__DUPLICATE_METHOD_MATCH = YES;
				COPY_PHASE_STRIP = NO;
				DEBUG_INFORMATION_FORMAT = "dwarf-with-dsym";
				ENABLE_NS_ASSERTIONS = NO;
				ENABLE_STRICT_OBJC_MSGSEND = YES;
				GCC_C_LANGUAGE_STANDARD = gnu11;
				GCC_NO_COMMON_BLOCKS = YES;
				GCC_WARN_64_TO_32_BIT_CONVERSION = YES;
				GCC_WARN_ABOUT_RETURN_TYPE = YES_ERROR;
				GCC_WARN_UNDECLARED_SELECTOR = YES;
				GCC_WARN_UNINITIALIZED_AUTOS = YES_AGGRESSIVE;
				GCC_WARN_UNUSED_FUNCTION = YES;
				GCC_WARN_UNUSED_VARIABLE = YES;
				MACOSX_DEPLOYMENT_TARGET = 11.2;
				MTL_ENABLE_DEBUG_INFO = NO;
				MTL_FAST_MATH = YES;
				SDKROOT = macosx;
				SWIFT_COMPILATION_MODE = wholemodule;
				SWIFT_OPTIMIZATION_LEVEL = "-O";
			};
			name = Release;
		};
		D898C0BD260F6B7A000FD5BD /* Debug */ = {
			isa = XCBuildConfiguration;
			buildSettings = {
				ASSETCATALOG_COMPILER_APPICON_NAME = AppIcon;
				ASSETCATALOG_COMPILER_GLOBAL_ACCENT_COLOR_NAME = AccentColor;
				CODE_SIGN_ENTITLEMENTS = EggTimer/EggTimer.entitlements;
				CODE_SIGN_STYLE = Automatic;
				COMBINE_HIDPI_IMAGES = YES;
				INFOPLIST_FILE = "EggTimer/Supporting Files/Info.plist";
				LD_RUNPATH_SEARCH_PATHS = (
					"$(inherited)",
					"@executable_path/../Frameworks",
				);
				MACOSX_DEPLOYMENT_TARGET = 11.1;
				PRODUCT_BUNDLE_IDENTIFIER = com.lahariganti.EggTimer;
				PRODUCT_NAME = "$(TARGET_NAME)";
				SWIFT_VERSION = 5.0;
			};
			name = Debug;
		};
		D898C0BE260F6B7A000FD5BD /* Release */ = {
			isa = XCBuildConfiguration;
			buildSettings = {
				ASSETCATALOG_COMPILER_APPICON_NAME = AppIcon;
				ASSETCATALOG_COMPILER_GLOBAL_ACCENT_COLOR_NAME = AccentColor;
				CODE_SIGN_ENTITLEMENTS = EggTimer/EggTimer.entitlements;
				CODE_SIGN_STYLE = Automatic;
				COMBINE_HIDPI_IMAGES = YES;
				INFOPLIST_FILE = "EggTimer/Supporting Files/Info.plist";
				LD_RUNPATH_SEARCH_PATHS = (
					"$(inherited)",
					"@executable_path/../Frameworks",
				);
				MACOSX_DEPLOYMENT_TARGET = 11.1;
				PRODUCT_BUNDLE_IDENTIFIER = com.lahariganti.EggTimer;
				PRODUCT_NAME = "$(TARGET_NAME)";
				SWIFT_VERSION = 5.0;
			};
			name = Release;
		};
/* End XCBuildConfiguration section */

/* Begin XCConfigurationList section */
		D898C0A7260F6B7A000FD5BD /* Build configuration list for PBXProject "EggTimer" */ = {
			isa = XCConfigurationList;
			buildConfigurations = (
				D898C0BA260F6B7A000FD5BD /* Debug */,
				D898C0BB260F6B7A000FD5BD /* Release */,
			);
			defaultConfigurationIsVisible = 0;
			defaultConfigurationName = Release;
		};
		D898C0BC260F6B7A000FD5BD /* Build configuration list for PBXNativeTarget "EggTimer" */ = {
			isa = XCConfigurationList;
			buildConfigurations = (
				D898C0BD260F6B7A000FD5BD /* Debug */,
				D898C0BE260F6B7A000FD5BD /* Release */,
			);
			defaultConfigurationIsVisible = 0;
			defaultConfigurationName = Release;
		};
/* End XCConfigurationList section */
	};
	rootObject = D898C0A4260F6B7A000FD5BD /* Project object */;
}
